
Microsoft Visual Studio Solution File, Format Version 12.00
# Visual Studio Version 17
VisualStudioVersion = 17.8.34511.84
MinimumVisualStudioVersion = 10.0.40219.1
Project("{9A19103F-16F7-4668-BE54-9A1E7A4F7556}") = "FlighStatusApi", "FlighStatusApi.csproj", "{8019C89A-165F-48D3-9554-6B52055231CF}"
EndProject
Project("{FAE04EC0-301F-11D3-BF4B-00C04F79EFBC}") = "Domain", "..\Domain\Domain.csproj", "{6379E0A2-E038-4148-BE2B-378742DBD7C9}"
EndProject
Project("{FAE04EC0-301F-11D3-BF4B-00C04F79EFBC}") = "Application", "..\Application\Application.csproj", "{796C173A-2809-4F15-AA1A-9E48598ED8B1}"
EndProject
Project("{FAE04EC0-301F-11D3-BF4B-00C04F79EFBC}") = "Infrastructure", "..\Infrastructure\Infrastructure.csproj", "{615B3C4A-D934-4207-839C-12436DAEFB97}"
EndProject
Global
	GlobalSection(SolutionConfigurationPlatforms) = preSolution
		Debug|Any CPU = Debug|Any CPU
		Release|Any CPU = Release|Any CPU
	EndGlobalSection
	GlobalSection(ProjectConfigurationPlatforms) = postSolution
		{8019C89A-165F-48D3-9554-6B52055231CF}.Debug|Any CPU.ActiveCfg = Debug|Any CPU
		{8019C89A-165F-48D3-9554-6B52055231CF}.Debug|Any CPU.Build.0 = Debug|Any CPU
		{8019C89A-165F-48D3-9554-6B52055231CF}.Release|Any CPU.ActiveCfg = Release|Any CPU
		{8019C89A-165F-48D3-9554-6B52055231CF}.Release|Any CPU.Build.0 = Release|Any CPU
		{6379E0A2-E038-4148-BE2B-378742DBD7C9}.Debug|Any CPU.ActiveCfg = Debug|Any CPU
		{6379E0A2-E038-4148-BE2B-378742DBD7C9}.Debug|Any CPU.Build.0 = Debug|Any CPU
		{6379E0A2-E038-4148-BE2B-378742DBD7C9}.Release|Any CPU.ActiveCfg = Release|Any CPU
		{6379E0A2-E038-4148-BE2B-378742DBD7C9}.Release|Any CPU.Build.0 = Release|Any CPU
		{796C173A-2809-4F15-AA1A-9E48598ED8B1}.Debug|Any CPU.ActiveCfg = Debug|Any CPU
		{796C173A-2809-4F15-AA1A-9E48598ED8B1}.Debug|Any CPU.Build.0 = Debug|Any CPU
		{796C173A-2809-4F15-AA1A-9E48598ED8B1}.Release|Any CPU.ActiveCfg = Release|Any CPU
		{796C173A-2809-4F15-AA1A-9E48598ED8B1}.Release|Any CPU.Build.0 = Release|Any CPU
		{615B3C4A-D934-4207-839C-12436DAEFB97}.Debug|Any CPU.ActiveCfg = Debug|Any CPU
		{615B3C4A-D934-4207-839C-12436DAEFB97}.Debug|Any CPU.Build.0 = Debug|Any CPU
		{615B3C4A-D934-4207-839C-12436DAEFB97}.Release|Any CPU.ActiveCfg = Release|Any CPU
		{615B3C4A-D934-4207-839C-12436DAEFB97}.Release|Any CPU.Build.0 = Release|Any CPU
	EndGlobalSection
	GlobalSection(SolutionProperties) = preSolution
		HideSolutionNode = FALSE
	EndGlobalSection
	GlobalSection(ExtensibilityGlobals) = postSolution
		SolutionGuid = {16D27B8A-E7F2-4592-8818-0C56D7FA10F3}
	EndGlobalSection
EndGlobal
